
Microsoft Visual Studio Solution File, Format Version 12.00
# Visual Studio Version 17
VisualStudioVersion = 17.1.32414.318
MinimumVisualStudioVersion = 10.0.40219.1
Project("{FAE04EC0-301F-11D3-BF4B-00C04F79EFBC}") = "HapmanCode", "HapmanCode.csproj", "{90851224-4E45-4767-B595-29076BF02F1B}"
EndProject
Project("{FAE04EC0-301F-11D3-BF4B-00C04F79EFBC}") = "HaphmanCodeLibrary", "CodeHaphmanLibrary\HaphmanCodeLibrary.csproj", "{B85C502D-7ACA-4E73-82FF-68E63CFD4B84}"
EndProject
Project("{FAE04EC0-301F-11D3-BF4B-00C04F79EFBC}") = "Wormochka", "Wormochka\Wormochka.csproj", "{1726AC2E-FF22-4271-9C67-8C3254C42809}"
EndProject
Project("{2150E333-8FDC-42A3-9474-1A3956D46DE8}") = "files", "files", "{D81D768A-4B80-49F0-ACBF-78CC308F6B86}"
EndProject
Global
	GlobalSection(SolutionConfigurationPlatforms) = preSolution
		Debug|Any CPU = Debug|Any CPU
		Release|Any CPU = Release|Any CPU
	EndGlobalSection
	GlobalSection(ProjectConfigurationPlatforms) = postSolution
		{90851224-4E45-4767-B595-29076BF02F1B}.Debug|Any CPU.ActiveCfg = Debug|Any CPU
		{90851224-4E45-4767-B595-29076BF02F1B}.Debug|Any CPU.Build.0 = Debug|Any CPU
		{90851224-4E45-4767-B595-29076BF02F1B}.Release|Any CPU.ActiveCfg = Release|Any CPU
		{90851224-4E45-4767-B595-29076BF02F1B}.Release|Any CPU.Build.0 = Release|Any CPU
		{B85C502D-7ACA-4E73-82FF-68E63CFD4B84}.Debug|Any CPU.ActiveCfg = Debug|Any CPU
		{B85C502D-7ACA-4E73-82FF-68E63CFD4B84}.Debug|Any CPU.Build.0 = Debug|Any CPU
		{B85C502D-7ACA-4E73-82FF-68E63CFD4B84}.Release|Any CPU.ActiveCfg = Release|Any CPU
		{B85C502D-7ACA-4E73-82FF-68E63CFD4B84}.Release|Any CPU.Build.0 = Release|Any CPU
		{1726AC2E-FF22-4271-9C67-8C3254C42809}.Debug|Any CPU.ActiveCfg = Debug|Any CPU
		{1726AC2E-FF22-4271-9C67-8C3254C42809}.Debug|Any CPU.Build.0 = Debug|Any CPU
		{1726AC2E-FF22-4271-9C67-8C3254C42809}.Release|Any CPU.ActiveCfg = Release|Any CPU
		{1726AC2E-FF22-4271-9C67-8C3254C42809}.Release|Any CPU.Build.0 = Release|Any CPU
	EndGlobalSection
	GlobalSection(SolutionProperties) = preSolution
		HideSolutionNode = FALSE
	EndGlobalSection
	GlobalSection(ExtensibilityGlobals) = postSolution
		SolutionGuid = {91114CD0-7055-4670-9820-F0B2E38DA4BA}
	EndGlobalSection
EndGlobal
